
Microsoft Visual Studio Solution File, Format Version 12.00
# Visual Studio Version 17
VisualStudioVersion = 17.3.32901.215
MinimumVisualStudioVersion = 10.0.40219.1
Project("{9A19103F-16F7-4668-BE54-9A1E7A4F7556}") = "SWP391_HealthCareProject", "SWP391_HealthCareProject\SWP391_HealthCareProject.csproj", "{A7775A89-63FE-4476-9FFC-6BA723D5C7AC}"
EndProject
Project("{9A19103F-16F7-4668-BE54-9A1E7A4F7556}") = "TestingLibrary.Test", "TestingLibrary\TestingLibrary.Test.csproj", "{2D15678D-360D-4E02-960D-1E932D8AB1A8}"
EndProject
Global
	GlobalSection(SolutionConfigurationPlatforms) = preSolution
		Debug|Any CPU = Debug|Any CPU
		Release|Any CPU = Release|Any CPU
	EndGlobalSection
	GlobalSection(ProjectConfigurationPlatforms) = postSolution
		{A7775A89-63FE-4476-9FFC-6BA723D5C7AC}.Debug|Any CPU.ActiveCfg = Debug|Any CPU
		{A7775A89-63FE-4476-9FFC-6BA723D5C7AC}.Debug|Any CPU.Build.0 = Debug|Any CPU
		{A7775A89-63FE-4476-9FFC-6BA723D5C7AC}.Release|Any CPU.ActiveCfg = Release|Any CPU
		{A7775A89-63FE-4476-9FFC-6BA723D5C7AC}.Release|Any CPU.Build.0 = Release|Any CPU
		{2D15678D-360D-4E02-960D-1E932D8AB1A8}.Debug|Any CPU.ActiveCfg = Debug|Any CPU
		{2D15678D-360D-4E02-960D-1E932D8AB1A8}.Debug|Any CPU.Build.0 = Debug|Any CPU
		{2D15678D-360D-4E02-960D-1E932D8AB1A8}.Release|Any CPU.ActiveCfg = Release|Any CPU
		{2D15678D-360D-4E02-960D-1E932D8AB1A8}.Release|Any CPU.Build.0 = Release|Any CPU
	EndGlobalSection
	GlobalSection(SolutionProperties) = preSolution
		HideSolutionNode = FALSE
	EndGlobalSection
	GlobalSection(ExtensibilityGlobals) = postSolution
		SolutionGuid = {F00B7DF3-D0AD-4423-AB91-05D6B1375D53}
	EndGlobalSection
EndGlobal
